// !$*UTF8*$!
{
	archiveVersion = 1;
	classes = {
	};
	objectVersion = 46;
	objects = {

/* Begin PBXBuildFile section */
		1806BF5B1F362BA700FEF6FE /* note1.mp3 in Resources */ = {isa = PBXBuildFile; fileRef = 1806BF571F362BA700FEF6FE /* note1.mp3 */; };
		1806BF5C1F362BA700FEF6FE /* note2.mp3 in Resources */ = {isa = PBXBuildFile; fileRef = 1806BF581F362BA700FEF6FE /* note2.mp3 */; };
		1806BF5D1F362BA700FEF6FE /* note3.mp3 in Resources */ = {isa = PBXBuildFile; fileRef = 1806BF591F362BA700FEF6FE /* note3.mp3 */; };
		1806BF5E1F362BA700FEF6FE /* note4.mp3 in Resources */ = {isa = PBXBuildFile; fileRef = 1806BF5A1F362BA700FEF6FE /* note4.mp3 */; };
		1806BF601F362C6D00FEF6FE /* spacecanyon.lisp in Resources */ = {isa = PBXBuildFile; fileRef = 1806BF5F1F362C6D00FEF6FE /* spacecanyon.lisp */; };
		181620651F19B71600F1A1B4 /* MangoScene.mm in Sources */ = {isa = PBXBuildFile; fileRef = 181620641F19B71600F1A1B4 /* MangoScene.mm */; };
		183791371F375D050016F042 /* spacecanyonenterance.png in Resources */ = {isa = PBXBuildFile; fileRef = 183791361F375D050016F042 /* spacecanyonenterance.png */; };
		183791391F376D960016F042 /* spacecanyonopen.png in Resources */ = {isa = PBXBuildFile; fileRef = 183791381F376D960016F042 /* spacecanyonopen.png */; };
		1854580E1EEC9141001BF5BB /* lowpolycat.png in Resources */ = {isa = PBXBuildFile; fileRef = 1854580D1EEC9141001BF5BB /* lowpolycat.png */; };
		18614F991F37F0FE0088E514 /* forest01.png in Resources */ = {isa = PBXBuildFile; fileRef = 18614F971F37F0FE0088E514 /* forest01.png */; };
		18614F9A1F37F0FE0088E514 /* forest02.png in Resources */ = {isa = PBXBuildFile; fileRef = 18614F981F37F0FE0088E514 /* forest02.png */; };
		18614F9C1F37F10D0088E514 /* forest01.lisp in Resources */ = {isa = PBXBuildFile; fileRef = 18614F9B1F37F10D0088E514 /* forest01.lisp */; };
		18614F9E1F37FDC20088E514 /* basicmenu.lisp in Resources */ = {isa = PBXBuildFile; fileRef = 18614F9D1F37FDC20088E514 /* basicmenu.lisp */; };
		1864A64B1EFC9BF500D51311 /* expressions.cpp in Sources */ = {isa = PBXBuildFile; fileRef = 1864A6441EFC9BF500D51311 /* expressions.cpp */; };
		1864A64C1EFC9BF500D51311 /* filereader.cpp in Sources */ = {isa = PBXBuildFile; fileRef = 1864A6451EFC9BF500D51311 /* filereader.cpp */; };
		1864A64D1EFC9BF500D51311 /* interp.cpp in Sources */ = {isa = PBXBuildFile; fileRef = 1864A6461EFC9BF500D51311 /* interp.cpp */; };
		1864A64E1EFC9BF500D51311 /* lambdafunc.cpp in Sources */ = {isa = PBXBuildFile; fileRef = 1864A6471EFC9BF500D51311 /* lambdafunc.cpp */; };
		1864A64F1EFC9BF500D51311 /* parse.cpp in Sources */ = {isa = PBXBuildFile; fileRef = 1864A6481EFC9BF500D51311 /* parse.cpp */; };
		1864A6501EFC9BF500D51311 /* printexpression.cpp in Sources */ = {isa = PBXBuildFile; fileRef = 1864A6491EFC9BF500D51311 /* printexpression.cpp */; };
		1864A6511EFC9BF500D51311 /* slist.cpp in Sources */ = {isa = PBXBuildFile; fileRef = 1864A64A1EFC9BF500D51311 /* slist.cpp */; };
		1885FCF01EEB2B22009F6579 /* AppDelegate.swift in Sources */ = {isa = PBXBuildFile; fileRef = 1885FCEF1EEB2B22009F6579 /* AppDelegate.swift */; };
		1885FCF21EEB2B22009F6579 /* GameScene.sks in Resources */ = {isa = PBXBuildFile; fileRef = 1885FCF11EEB2B22009F6579 /* GameScene.sks */; };
		1885FCF41EEB2B22009F6579 /* Actions.sks in Resources */ = {isa = PBXBuildFile; fileRef = 1885FCF31EEB2B22009F6579 /* Actions.sks */; };
		1885FCF61EEB2B22009F6579 /* GameScene.swift in Sources */ = {isa = PBXBuildFile; fileRef = 1885FCF51EEB2B22009F6579 /* GameScene.swift */; };
		1885FCF81EEB2B22009F6579 /* GameViewController.swift in Sources */ = {isa = PBXBuildFile; fileRef = 1885FCF71EEB2B22009F6579 /* GameViewController.swift */; };
		1885FCFB1EEB2B22009F6579 /* Main.storyboard in Resources */ = {isa = PBXBuildFile; fileRef = 1885FCF91EEB2B22009F6579 /* Main.storyboard */; };
		1885FCFD1EEB2B22009F6579 /* Assets.xcassets in Resources */ = {isa = PBXBuildFile; fileRef = 1885FCFC1EEB2B22009F6579 /* Assets.xcassets */; };
		1885FD001EEB2B22009F6579 /* LaunchScreen.storyboard in Resources */ = {isa = PBXBuildFile; fileRef = 1885FCFE1EEB2B22009F6579 /* LaunchScreen.storyboard */; };
		1885FD0E1EEB2D37009F6579 /* TestObjcMethods.mm in Sources */ = {isa = PBXBuildFile; fileRef = 1885FD0D1EEB2D37009F6579 /* TestObjcMethods.mm */; };
		18AD896C1F1BFAD900EA2AA0 /* test_scene.lisp in Resources */ = {isa = PBXBuildFile; fileRef = 18AD896B1F1BFAD900EA2AA0 /* test_scene.lisp */; };
		18AD896E1F1BFBBE00EA2AA0 /* test_scene02.lisp in Resources */ = {isa = PBXBuildFile; fileRef = 18AD896D1F1BFBBE00EA2AA0 /* test_scene02.lisp */; };
		18BDB8FE1F01E23800CDB603 /* GymnopedieNo1KevinMacleod.mp3 in Resources */ = {isa = PBXBuildFile; fileRef = 18BDB8FD1F01E23800CDB603 /* GymnopedieNo1KevinMacleod.mp3 */; };
		8DBD6B17571A4126E9607BAF /* Pods_iOSObjectiveCXXSwift.framework in Frameworks */ = {isa = PBXBuildFile; fileRef = 390BF9332DD4071752395765 /* Pods_iOSObjectiveCXXSwift.framework */; };
/* End PBXBuildFile section */

/* Begin PBXFileReference section */
		1806BF571F362BA700FEF6FE /* note1.mp3 */ = {isa = PBXFileReference; lastKnownFileType = audio.mp3; name = note1.mp3; path = soundeffects/note1.mp3; sourceTree = "<group>"; };
		1806BF581F362BA700FEF6FE /* note2.mp3 */ = {isa = PBXFileReference; lastKnownFileType = audio.mp3; name = note2.mp3; path = soundeffects/note2.mp3; sourceTree = "<group>"; };
		1806BF591F362BA700FEF6FE /* note3.mp3 */ = {isa = PBXFileReference; lastKnownFileType = audio.mp3; name = note3.mp3; path = soundeffects/note3.mp3; sourceTree = "<group>"; };
		1806BF5A1F362BA700FEF6FE /* note4.mp3 */ = {isa = PBXFileReference; lastKnownFileType = audio.mp3; name = note4.mp3; path = soundeffects/note4.mp3; sourceTree = "<group>"; };
		1806BF5F1F362C6D00FEF6FE /* spacecanyon.lisp */ = {isa = PBXFileReference; fileEncoding = 4; lastKnownFileType = text; path = spacecanyon.lisp; sourceTree = "<group>"; };
		181620631F19B71600F1A1B4 /* MangoScene.h */ = {isa = PBXFileReference; fileEncoding = 4; lastKnownFileType = sourcecode.c.h; path = MangoScene.h; sourceTree = "<group>"; };
		181620641F19B71600F1A1B4 /* MangoScene.mm */ = {isa = PBXFileReference; fileEncoding = 4; lastKnownFileType = sourcecode.cpp.objcpp; path = MangoScene.mm; sourceTree = "<group>"; };
		183791361F375D050016F042 /* spacecanyonenterance.png */ = {isa = PBXFileReference; lastKnownFileType = image.png; name = spacecanyonenterance.png; path = images/spacecanyonenterance.png; sourceTree = "<group>"; };
		183791381F376D960016F042 /* spacecanyonopen.png */ = {isa = PBXFileReference; lastKnownFileType = image.png; name = spacecanyonopen.png; path = images/spacecanyonopen.png; sourceTree = "<group>"; };
		1854580D1EEC9141001BF5BB /* lowpolycat.png */ = {isa = PBXFileReference; lastKnownFileType = image.png; path = lowpolycat.png; sourceTree = "<group>"; };
		18614F971F37F0FE0088E514 /* forest01.png */ = {isa = PBXFileReference; lastKnownFileType = image.png; name = forest01.png; path = images/forest01.png; sourceTree = "<group>"; };
		18614F981F37F0FE0088E514 /* forest02.png */ = {isa = PBXFileReference; lastKnownFileType = image.png; name = forest02.png; path = images/forest02.png; sourceTree = "<group>"; };
		18614F9B1F37F10D0088E514 /* forest01.lisp */ = {isa = PBXFileReference; fileEncoding = 4; lastKnownFileType = text; path = forest01.lisp; sourceTree = "<group>"; };
		18614F9D1F37FDC20088E514 /* basicmenu.lisp */ = {isa = PBXFileReference; fileEncoding = 4; lastKnownFileType = text; path = basicmenu.lisp; sourceTree = "<group>"; };
		1864A6441EFC9BF500D51311 /* expressions.cpp */ = {isa = PBXFileReference; fileEncoding = 4; lastKnownFileType = sourcecode.cpp.cpp; path = expressions.cpp; sourceTree = "<group>"; };
		1864A6451EFC9BF500D51311 /* filereader.cpp */ = {isa = PBXFileReference; fileEncoding = 4; lastKnownFileType = sourcecode.cpp.cpp; path = filereader.cpp; sourceTree = "<group>"; };
		1864A6461EFC9BF500D51311 /* interp.cpp */ = {isa = PBXFileReference; fileEncoding = 4; lastKnownFileType = sourcecode.cpp.cpp; path = interp.cpp; sourceTree = "<group>"; };
		1864A6471EFC9BF500D51311 /* lambdafunc.cpp */ = {isa = PBXFileReference; fileEncoding = 4; lastKnownFileType = sourcecode.cpp.cpp; path = lambdafunc.cpp; sourceTree = "<group>"; };
		1864A6481EFC9BF500D51311 /* parse.cpp */ = {isa = PBXFileReference; fileEncoding = 4; lastKnownFileType = sourcecode.cpp.cpp; path = parse.cpp; sourceTree = "<group>"; };
		1864A6491EFC9BF500D51311 /* printexpression.cpp */ = {isa = PBXFileReference; fileEncoding = 4; lastKnownFileType = sourcecode.cpp.cpp; path = printexpression.cpp; sourceTree = "<group>"; };
		1864A64A1EFC9BF500D51311 /* slist.cpp */ = {isa = PBXFileReference; fileEncoding = 4; lastKnownFileType = sourcecode.cpp.cpp; path = slist.cpp; sourceTree = "<group>"; };
		1864A6531EFC9BFD00D51311 /* datastructures.h */ = {isa = PBXFileReference; fileEncoding = 4; lastKnownFileType = sourcecode.c.h; path = datastructures.h; sourceTree = "<group>"; };
		1864A6541EFC9BFD00D51311 /* expressions.h */ = {isa = PBXFileReference; fileEncoding = 4; lastKnownFileType = sourcecode.c.h; path = expressions.h; sourceTree = "<group>"; };
		1864A6551EFC9BFD00D51311 /* filereader.h */ = {isa = PBXFileReference; fileEncoding = 4; lastKnownFileType = sourcecode.c.h; path = filereader.h; sourceTree = "<group>"; };
		1864A6561EFC9BFD00D51311 /* interp.h */ = {isa = PBXFileReference; fileEncoding = 4; lastKnownFileType = sourcecode.c.h; path = interp.h; sourceTree = "<group>"; };
		1864A6571EFC9BFD00D51311 /* lambdafunc.h */ = {isa = PBXFileReference; fileEncoding = 4; lastKnownFileType = sourcecode.c.h; path = lambdafunc.h; sourceTree = "<group>"; };
		1864A6581EFC9BFD00D51311 /* lispinclude.h */ = {isa = PBXFileReference; fileEncoding = 4; lastKnownFileType = sourcecode.c.h; path = lispinclude.h; sourceTree = "<group>"; };
		1864A6591EFC9BFD00D51311 /* parse.h */ = {isa = PBXFileReference; fileEncoding = 4; lastKnownFileType = sourcecode.c.h; path = parse.h; sourceTree = "<group>"; };
		1864A65A1EFC9BFD00D51311 /* printexpression.h */ = {isa = PBXFileReference; fileEncoding = 4; lastKnownFileType = sourcecode.c.h; path = printexpression.h; sourceTree = "<group>"; };
		1864A65B1EFC9BFD00D51311 /* slist.h */ = {isa = PBXFileReference; fileEncoding = 4; lastKnownFileType = sourcecode.c.h; path = slist.h; sourceTree = "<group>"; };
		1864A65C1EFC9BFD00D51311 /* snifflemain.h */ = {isa = PBXFileReference; fileEncoding = 4; lastKnownFileType = sourcecode.c.h; path = snifflemain.h; sourceTree = "<group>"; };
		1885FCEC1EEB2B22009F6579 /* iOSObjectiveCXXSwift.app */ = {isa = PBXFileReference; explicitFileType = wrapper.application; includeInIndex = 0; path = iOSObjectiveCXXSwift.app; sourceTree = BUILT_PRODUCTS_DIR; };
		1885FCEF1EEB2B22009F6579 /* AppDelegate.swift */ = {isa = PBXFileReference; lastKnownFileType = sourcecode.swift; path = AppDelegate.swift; sourceTree = "<group>"; };
		1885FCF11EEB2B22009F6579 /* GameScene.sks */ = {isa = PBXFileReference; lastKnownFileType = file.sks; path = GameScene.sks; sourceTree = "<group>"; };
		1885FCF31EEB2B22009F6579 /* Actions.sks */ = {isa = PBXFileReference; lastKnownFileType = file.sks; path = Actions.sks; sourceTree = "<group>"; };
		1885FCF51EEB2B22009F6579 /* GameScene.swift */ = {isa = PBXFileReference; lastKnownFileType = sourcecode.swift; path = GameScene.swift; sourceTree = "<group>"; };
		1885FCF71EEB2B22009F6579 /* GameViewController.swift */ = {isa = PBXFileReference; lastKnownFileType = sourcecode.swift; path = GameViewController.swift; sourceTree = "<group>"; };
		1885FCFA1EEB2B22009F6579 /* Base */ = {isa = PBXFileReference; lastKnownFileType = file.storyboard; name = Base; path = Base.lproj/Main.storyboard; sourceTree = "<group>"; };
		1885FCFC1EEB2B22009F6579 /* Assets.xcassets */ = {isa = PBXFileReference; lastKnownFileType = folder.assetcatalog; path = Assets.xcassets; sourceTree = "<group>"; };
		1885FCFF1EEB2B22009F6579 /* Base */ = {isa = PBXFileReference; lastKnownFileType = file.storyboard; name = Base; path = Base.lproj/LaunchScreen.storyboard; sourceTree = "<group>"; };
		1885FD011EEB2B22009F6579 /* Info.plist */ = {isa = PBXFileReference; lastKnownFileType = text.plist.xml; path = Info.plist; sourceTree = "<group>"; };
		1885FD0B1EEB2D37009F6579 /* iOSObjectiveCXXSwift-Bridging-Header.h */ = {isa = PBXFileReference; lastKnownFileType = sourcecode.c.h; path = "iOSObjectiveCXXSwift-Bridging-Header.h"; sourceTree = SOURCE_ROOT; };
		1885FD0C1EEB2D37009F6579 /* TestObjcMethods.h */ = {isa = PBXFileReference; fileEncoding = 4; lastKnownFileType = sourcecode.c.h; path = TestObjcMethods.h; sourceTree = "<group>"; };
		1885FD0D1EEB2D37009F6579 /* TestObjcMethods.mm */ = {isa = PBXFileReference; fileEncoding = 4; lastKnownFileType = sourcecode.cpp.objcpp; path = TestObjcMethods.mm; sourceTree = "<group>"; };
		18AD896B1F1BFAD900EA2AA0 /* test_scene.lisp */ = {isa = PBXFileReference; fileEncoding = 4; lastKnownFileType = text; path = test_scene.lisp; sourceTree = "<group>"; };
		18AD896D1F1BFBBE00EA2AA0 /* test_scene02.lisp */ = {isa = PBXFileReference; fileEncoding = 4; lastKnownFileType = text; path = test_scene02.lisp; sourceTree = "<group>"; };
		18BDB8FD1F01E23800CDB603 /* GymnopedieNo1KevinMacleod.mp3 */ = {isa = PBXFileReference; lastKnownFileType = audio.mp3; name = GymnopedieNo1KevinMacleod.mp3; path = iOSObjectiveCXXSwift/resources/GymnopedieNo1KevinMacleod.mp3; sourceTree = "<group>"; };
		390BF9332DD4071752395765 /* Pods_iOSObjectiveCXXSwift.framework */ = {isa = PBXFileReference; explicitFileType = wrapper.framework; includeInIndex = 0; path = Pods_iOSObjectiveCXXSwift.framework; sourceTree = BUILT_PRODUCTS_DIR; };
		83EA4E7B4AD334C17BA6280B /* Pods-iOSObjectiveCXXSwift.debug.xcconfig */ = {isa = PBXFileReference; includeInIndex = 1; lastKnownFileType = text.xcconfig; name = "Pods-iOSObjectiveCXXSwift.debug.xcconfig"; path = "Pods/Target Support Files/Pods-iOSObjectiveCXXSwift/Pods-iOSObjectiveCXXSwift.debug.xcconfig"; sourceTree = "<group>"; };
		E0A171032EDF60BEC43BAE43 /* Pods-iOSObjectiveCXXSwift.release.xcconfig */ = {isa = PBXFileReference; includeInIndex = 1; lastKnownFileType = text.xcconfig; name = "Pods-iOSObjectiveCXXSwift.release.xcconfig"; path = "Pods/Target Support Files/Pods-iOSObjectiveCXXSwift/Pods-iOSObjectiveCXXSwift.release.xcconfig"; sourceTree = "<group>"; };
/* End PBXFileReference section */

/* Begin PBXFrameworksBuildPhase section */
		1885FCE91EEB2B22009F6579 /* Frameworks */ = {
			isa = PBXFrameworksBuildPhase;
			buildActionMask = 2147483647;
			files = (
				8DBD6B17571A4126E9607BAF /* Pods_iOSObjectiveCXXSwift.framework in Frameworks */,
			);
			runOnlyForDeploymentPostprocessing = 0;
		};
/* End PBXFrameworksBuildPhase section */

/* Begin PBXGroup section */
		183791351F375CE30016F042 /* images */ = {
			isa = PBXGroup;
			children = (
				18614F971F37F0FE0088E514 /* forest01.png */,
				18614F981F37F0FE0088E514 /* forest02.png */,
				183791381F376D960016F042 /* spacecanyonopen.png */,
				183791361F375D050016F042 /* spacecanyonenterance.png */,
			);
			name = images;
			path = ..;
			sourceTree = "<group>";
		};
		1854580C1EEC9141001BF5BB /* resources */ = {
			isa = PBXGroup;
			children = (
				1854580D1EEC9141001BF5BB /* lowpolycat.png */,
			);
			path = resources;
			sourceTree = "<group>";
		};
		1864A6431EFC9BF500D51311 /* source */ = {
			isa = PBXGroup;
			children = (
				1864A6441EFC9BF500D51311 /* expressions.cpp */,
				1864A6451EFC9BF500D51311 /* filereader.cpp */,
				1864A6461EFC9BF500D51311 /* interp.cpp */,
				1864A6471EFC9BF500D51311 /* lambdafunc.cpp */,
				1864A6481EFC9BF500D51311 /* parse.cpp */,
				1864A6491EFC9BF500D51311 /* printexpression.cpp */,
				1864A64A1EFC9BF500D51311 /* slist.cpp */,
			);
			name = source;
			path = interpreter/source;
			sourceTree = "<group>";
		};
		1864A6521EFC9BFD00D51311 /* headers */ = {
			isa = PBXGroup;
			children = (
				1864A6531EFC9BFD00D51311 /* datastructures.h */,
				1864A6541EFC9BFD00D51311 /* expressions.h */,
				1864A6551EFC9BFD00D51311 /* filereader.h */,
				1864A6561EFC9BFD00D51311 /* interp.h */,
				1864A6571EFC9BFD00D51311 /* lambdafunc.h */,
				1864A6581EFC9BFD00D51311 /* lispinclude.h */,
				1864A6591EFC9BFD00D51311 /* parse.h */,
				1864A65A1EFC9BFD00D51311 /* printexpression.h */,
				1864A65B1EFC9BFD00D51311 /* slist.h */,
				1864A65C1EFC9BFD00D51311 /* snifflemain.h */,
			);
			name = headers;
			path = interpreter/headers;
			sourceTree = "<group>";
		};
		1885FCE31EEB2B22009F6579 = {
			isa = PBXGroup;
			children = (
				1885FCEE1EEB2B22009F6579 /* iOSObjectiveCXXSwift */,
				1885FCED1EEB2B22009F6579 /* Products */,
				D36ECA68CC9F7D5351C8A9C4 /* Pods */,
				98B09023A3C2F2C461B4CEF0 /* Frameworks */,
			);
			sourceTree = "<group>";
		};
		1885FCED1EEB2B22009F6579 /* Products */ = {
			isa = PBXGroup;
			children = (
				1885FCEC1EEB2B22009F6579 /* iOSObjectiveCXXSwift.app */,
			);
			name = Products;
			sourceTree = "<group>";
		};
		1885FCEE1EEB2B22009F6579 /* iOSObjectiveCXXSwift */ = {
			isa = PBXGroup;
			children = (
				1864A6521EFC9BFD00D51311 /* headers */,
				1864A6431EFC9BF500D51311 /* source */,
				1854580C1EEC9141001BF5BB /* resources */,
				1885FD0B1EEB2D37009F6579 /* iOSObjectiveCXXSwift-Bridging-Header.h */,
				1885FD0C1EEB2D37009F6579 /* TestObjcMethods.h */,
				1885FD0D1EEB2D37009F6579 /* TestObjcMethods.mm */,
				181620631F19B71600F1A1B4 /* MangoScene.h */,
				181620641F19B71600F1A1B4 /* MangoScene.mm */,
				1885FCEF1EEB2B22009F6579 /* AppDelegate.swift */,
				1885FCF11EEB2B22009F6579 /* GameScene.sks */,
				1885FCF31EEB2B22009F6579 /* Actions.sks */,
				1885FCF51EEB2B22009F6579 /* GameScene.swift */,
				1885FCF71EEB2B22009F6579 /* GameViewController.swift */,
				1885FCF91EEB2B22009F6579 /* Main.storyboard */,
				1885FCFC1EEB2B22009F6579 /* Assets.xcassets */,
				18AD896A1F1BFABB00EA2AA0 /* Scenes */,
				183791351F375CE30016F042 /* images */,
				921D853F1EFD6E2E003F5AEC /* sounds */,
				1885FCFE1EEB2B22009F6579 /* LaunchScreen.storyboard */,
				1885FD011EEB2B22009F6579 /* Info.plist */,
			);
			path = iOSObjectiveCXXSwift;
			sourceTree = "<group>";
		};
		18AD896A1F1BFABB00EA2AA0 /* Scenes */ = {
			isa = PBXGroup;
			children = (
				18AD896B1F1BFAD900EA2AA0 /* test_scene.lisp */,
				18AD896D1F1BFBBE00EA2AA0 /* test_scene02.lisp */,
				1806BF5F1F362C6D00FEF6FE /* spacecanyon.lisp */,
				18614F9B1F37F10D0088E514 /* forest01.lisp */,
				18614F9D1F37FDC20088E514 /* basicmenu.lisp */,
			);
			name = Scenes;
			path = ..;
			sourceTree = "<group>";
		};
		921D853F1EFD6E2E003F5AEC /* sounds */ = {
			isa = PBXGroup;
			children = (
				1806BF571F362BA700FEF6FE /* note1.mp3 */,
				1806BF581F362BA700FEF6FE /* note2.mp3 */,
				1806BF591F362BA700FEF6FE /* note3.mp3 */,
				1806BF5A1F362BA700FEF6FE /* note4.mp3 */,
				18BDB8FD1F01E23800CDB603 /* GymnopedieNo1KevinMacleod.mp3 */,
			);
			name = sounds;
			path = ..;
			sourceTree = "<group>";
		};
		98B09023A3C2F2C461B4CEF0 /* Frameworks */ = {
			isa = PBXGroup;
			children = (
				390BF9332DD4071752395765 /* Pods_iOSObjectiveCXXSwift.framework */,
			);
			name = Frameworks;
			sourceTree = "<group>";
		};
		D36ECA68CC9F7D5351C8A9C4 /* Pods */ = {
			isa = PBXGroup;
			children = (
				83EA4E7B4AD334C17BA6280B /* Pods-iOSObjectiveCXXSwift.debug.xcconfig */,
				E0A171032EDF60BEC43BAE43 /* Pods-iOSObjectiveCXXSwift.release.xcconfig */,
			);
			name = Pods;
			sourceTree = "<group>";
		};
/* End PBXGroup section */

/* Begin PBXNativeTarget section */
		1885FCEB1EEB2B22009F6579 /* iOSObjectiveCXXSwift */ = {
			isa = PBXNativeTarget;
			buildConfigurationList = 1885FD041EEB2B22009F6579 /* Build configuration list for PBXNativeTarget "iOSObjectiveCXXSwift" */;
			buildPhases = (
				3CAAAF6C40CCF9DC11881703 /* [CP] Check Pods Manifest.lock */,
				1885FCE81EEB2B22009F6579 /* Sources */,
				1885FCE91EEB2B22009F6579 /* Frameworks */,
				1885FCEA1EEB2B22009F6579 /* Resources */,
				10A5C727DC9BA5D762B05069 /* [CP] Embed Pods Frameworks */,
				F768A6614963E4AC65AF01A2 /* [CP] Copy Pods Resources */,
			);
			buildRules = (
			);
			dependencies = (
			);
			name = iOSObjectiveCXXSwift;
			productName = iOSObjectiveCXXSwift;
			productReference = 1885FCEC1EEB2B22009F6579 /* iOSObjectiveCXXSwift.app */;
			productType = "com.apple.product-type.application";
		};
/* End PBXNativeTarget section */

/* Begin PBXProject section */
		1885FCE41EEB2B22009F6579 /* Project object */ = {
			isa = PBXProject;
			attributes = {
				LastSwiftUpdateCheck = 0830;
				LastUpgradeCheck = 0830;
				ORGANIZATIONNAME = "Steph Oro";
				TargetAttributes = {
					1885FCEB1EEB2B22009F6579 = {
						CreatedOnToolsVersion = 8.3.3;
						DevelopmentTeam = SHWNS4KX37;
						LastSwiftMigration = 0830;
						ProvisioningStyle = Automatic;
					};
				};
			};
			buildConfigurationList = 1885FCE71EEB2B22009F6579 /* Build configuration list for PBXProject "iOSObjectiveCXXSwift" */;
			compatibilityVersion = "Xcode 3.2";
			developmentRegion = English;
			hasScannedForEncodings = 0;
			knownRegions = (
				en,
				Base,
			);
			mainGroup = 1885FCE31EEB2B22009F6579;
			productRefGroup = 1885FCED1EEB2B22009F6579 /* Products */;
			projectDirPath = "";
			projectRoot = "";
			targets = (
				1885FCEB1EEB2B22009F6579 /* iOSObjectiveCXXSwift */,
			);
		};
/* End PBXProject section */

/* Begin PBXResourcesBuildPhase section */
		1885FCEA1EEB2B22009F6579 /* Resources */ = {
			isa = PBXResourcesBuildPhase;
			buildActionMask = 2147483647;
			files = (
				18614F9C1F37F10D0088E514 /* forest01.lisp in Resources */,
				1806BF5D1F362BA700FEF6FE /* note3.mp3 in Resources */,
				1885FCFB1EEB2B22009F6579 /* Main.storyboard in Resources */,
				18614F9E1F37FDC20088E514 /* basicmenu.lisp in Resources */,
				18614F9A1F37F0FE0088E514 /* forest02.png in Resources */,
				1885FCF21EEB2B22009F6579 /* GameScene.sks in Resources */,
				183791371F375D050016F042 /* spacecanyonenterance.png in Resources */,
				1806BF5C1F362BA700FEF6FE /* note2.mp3 in Resources */,
				1806BF601F362C6D00FEF6FE /* spacecanyon.lisp in Resources */,
				1806BF5B1F362BA700FEF6FE /* note1.mp3 in Resources */,
				18AD896C1F1BFAD900EA2AA0 /* test_scene.lisp in Resources */,
				1885FCFD1EEB2B22009F6579 /* Assets.xcassets in Resources */,
				18BDB8FE1F01E23800CDB603 /* GymnopedieNo1KevinMacleod.mp3 in Resources */,
				1885FD001EEB2B22009F6579 /* LaunchScreen.storyboard in Resources */,
				1806BF5E1F362BA700FEF6FE /* note4.mp3 in Resources */,
				183791391F376D960016F042 /* spacecanyonopen.png in Resources */,
				1885FCF41EEB2B22009F6579 /* Actions.sks in Resources */,
				1854580E1EEC9141001BF5BB /* lowpolycat.png in Resources */,
				18614F991F37F0FE0088E514 /* forest01.png in Resources */,
				18AD896E1F1BFBBE00EA2AA0 /* test_scene02.lisp in Resources */,
			);
			runOnlyForDeploymentPostprocessing = 0;
		};
/* End PBXResourcesBuildPhase section */

/* Begin PBXShellScriptBuildPhase section */
		10A5C727DC9BA5D762B05069 /* [CP] Embed Pods Frameworks */ = {
			isa = PBXShellScriptBuildPhase;
			buildActionMask = 2147483647;
			files = (
			);
			inputPaths = (
			);
			name = "[CP] Embed Pods Frameworks";
			outputPaths = (
			);
			runOnlyForDeploymentPostprocessing = 0;
			shellPath = /bin/sh;
			shellScript = "\"${SRCROOT}/Pods/Target Support Files/Pods-iOSObjectiveCXXSwift/Pods-iOSObjectiveCXXSwift-frameworks.sh\"\n";
			showEnvVarsInLog = 0;
		};
		3CAAAF6C40CCF9DC11881703 /* [CP] Check Pods Manifest.lock */ = {
			isa = PBXShellScriptBuildPhase;
			buildActionMask = 2147483647;
			files = (
			);
			inputPaths = (
			);
			name = "[CP] Check Pods Manifest.lock";
			outputPaths = (
			);
			runOnlyForDeploymentPostprocessing = 0;
			shellPath = /bin/sh;
			shellScript = "diff \"${PODS_PODFILE_DIR_PATH}/Podfile.lock\" \"${PODS_ROOT}/Manifest.lock\" > /dev/null\nif [ $? != 0 ] ; then\n    # print error to STDERR\n    echo \"error: The sandbox is not in sync with the Podfile.lock. Run 'pod install' or update your CocoaPods installation.\" >&2\n    exit 1\nfi\n";
			showEnvVarsInLog = 0;
		};
		F768A6614963E4AC65AF01A2 /* [CP] Copy Pods Resources */ = {
			isa = PBXShellScriptBuildPhase;
			buildActionMask = 2147483647;
			files = (
			);
			inputPaths = (
			);
			name = "[CP] Copy Pods Resources";
			outputPaths = (
			);
			runOnlyForDeploymentPostprocessing = 0;
			shellPath = /bin/sh;
			shellScript = "\"${SRCROOT}/Pods/Target Support Files/Pods-iOSObjectiveCXXSwift/Pods-iOSObjectiveCXXSwift-resources.sh\"\n";
			showEnvVarsInLog = 0;
		};
/* End PBXShellScriptBuildPhase section */

/* Begin PBXSourcesBuildPhase section */
		1885FCE81EEB2B22009F6579 /* Sources */ = {
			isa = PBXSourcesBuildPhase;
			buildActionMask = 2147483647;
			files = (
				1885FD0E1EEB2D37009F6579 /* TestObjcMethods.mm in Sources */,
				1864A64D1EFC9BF500D51311 /* interp.cpp in Sources */,
				1864A64B1EFC9BF500D51311 /* expressions.cpp in Sources */,
				181620651F19B71600F1A1B4 /* MangoScene.mm in Sources */,
				1864A64C1EFC9BF500D51311 /* filereader.cpp in Sources */,
				1864A64E1EFC9BF500D51311 /* lambdafunc.cpp in Sources */,
				1864A64F1EFC9BF500D51311 /* parse.cpp in Sources */,
				1864A6511EFC9BF500D51311 /* slist.cpp in Sources */,
				1885FCF61EEB2B22009F6579 /* GameScene.swift in Sources */,
				1885FCF81EEB2B22009F6579 /* GameViewController.swift in Sources */,
				1885FCF01EEB2B22009F6579 /* AppDelegate.swift in Sources */,
				1864A6501EFC9BF500D51311 /* printexpression.cpp in Sources */,
			);
			runOnlyForDeploymentPostprocessing = 0;
		};
/* End PBXSourcesBuildPhase section */

/* Begin PBXVariantGroup section */
		1885FCF91EEB2B22009F6579 /* Main.storyboard */ = {
			isa = PBXVariantGroup;
			children = (
				1885FCFA1EEB2B22009F6579 /* Base */,
			);
			name = Main.storyboard;
			sourceTree = "<group>";
		};
		1885FCFE1EEB2B22009F6579 /* LaunchScreen.storyboard */ = {
			isa = PBXVariantGroup;
			children = (
				1885FCFF1EEB2B22009F6579 /* Base */,
			);
			name = LaunchScreen.storyboard;
			sourceTree = "<group>";
		};
/* End PBXVariantGroup section */

/* Begin XCBuildConfiguration section */
		1885FD021EEB2B22009F6579 /* Debug */ = {
			isa = XCBuildConfiguration;
			buildSettings = {
				ALWAYS_SEARCH_USER_PATHS = NO;
				CLANG_ANALYZER_NONNULL = YES;
				CLANG_ANALYZER_NUMBER_OBJECT_CONVERSION = YES_AGGRESSIVE;
				CLANG_CXX_LANGUAGE_STANDARD = "gnu++0x";
				CLANG_CXX_LIBRARY = "libc++";
				CLANG_ENABLE_MODULES = YES;
				CLANG_ENABLE_OBJC_ARC = YES;
				CLANG_WARN_BOOL_CONVERSION = YES;
				CLANG_WARN_CONSTANT_CONVERSION = YES;
				CLANG_WARN_DIRECT_OBJC_ISA_USAGE = YES_ERROR;
				CLANG_WARN_DOCUMENTATION_COMMENTS = YES;
				CLANG_WARN_EMPTY_BODY = YES;
				CLANG_WARN_ENUM_CONVERSION = YES;
				CLANG_WARN_INFINITE_RECURSION = YES;
				CLANG_WARN_INT_CONVERSION = YES;
				CLANG_WARN_OBJC_ROOT_CLASS = YES_ERROR;
				CLANG_WARN_SUSPICIOUS_MOVE = YES;
				CLANG_WARN_UNREACHABLE_CODE = YES;
				CLANG_WARN__DUPLICATE_METHOD_MATCH = YES;
				"CODE_SIGN_IDENTITY[sdk=iphoneos*]" = "iPhone Developer";
				COPY_PHASE_STRIP = NO;
				DEBUG_INFORMATION_FORMAT = dwarf;
				ENABLE_STRICT_OBJC_MSGSEND = YES;
				ENABLE_TESTABILITY = YES;
				GCC_C_LANGUAGE_STANDARD = gnu99;
				GCC_DYNAMIC_NO_PIC = NO;
				GCC_NO_COMMON_BLOCKS = YES;
				GCC_OPTIMIZATION_LEVEL = 0;
				GCC_PREPROCESSOR_DEFINITIONS = (
					"DEBUG=1",
					"$(inherited)",
				);
				GCC_WARN_64_TO_32_BIT_CONVERSION = YES;
				GCC_WARN_ABOUT_RETURN_TYPE = YES_ERROR;
				GCC_WARN_UNDECLARED_SELECTOR = YES;
				GCC_WARN_UNINITIALIZED_AUTOS = YES_AGGRESSIVE;
				GCC_WARN_UNUSED_FUNCTION = YES;
				GCC_WARN_UNUSED_VARIABLE = YES;
				IPHONEOS_DEPLOYMENT_TARGET = 10.3;
				MTL_ENABLE_DEBUG_INFO = YES;
				ONLY_ACTIVE_ARCH = YES;
				SDKROOT = iphoneos;
				SWIFT_ACTIVE_COMPILATION_CONDITIONS = DEBUG;
				SWIFT_OPTIMIZATION_LEVEL = "-Onone";
				TARGETED_DEVICE_FAMILY = "1,2";
			};
			name = Debug;
		};
		1885FD031EEB2B22009F6579 /* Release */ = {
			isa = XCBuildConfiguration;
			buildSettings = {
				ALWAYS_SEARCH_USER_PATHS = NO;
				CLANG_ANALYZER_NONNULL = YES;
				CLANG_ANALYZER_NUMBER_OBJECT_CONVERSION = YES_AGGRESSIVE;
				CLANG_CXX_LANGUAGE_STANDARD = "gnu++0x";
				CLANG_CXX_LIBRARY = "libc++";
				CLANG_ENABLE_MODULES = YES;
				CLANG_ENABLE_OBJC_ARC = YES;
				CLANG_WARN_BOOL_CONVERSION = YES;
				CLANG_WARN_CONSTANT_CONVERSION = YES;
				CLANG_WARN_DIRECT_OBJC_ISA_USAGE = YES_ERROR;
				CLANG_WARN_DOCUMENTATION_COMMENTS = YES;
				CLANG_WARN_EMPTY_BODY = YES;
				CLANG_WARN_ENUM_CONVERSION = YES;
				CLANG_WARN_INFINITE_RECURSION = YES;
				CLANG_WARN_INT_CONVERSION = YES;
				CLANG_WARN_OBJC_ROOT_CLASS = YES_ERROR;
				CLANG_WARN_SUSPICIOUS_MOVE = YES;
				CLANG_WARN_UNREACHABLE_CODE = YES;
				CLANG_WARN__DUPLICATE_METHOD_MATCH = YES;
				"CODE_SIGN_IDENTITY[sdk=iphoneos*]" = "iPhone Developer";
				COPY_PHASE_STRIP = NO;
				DEBUG_INFORMATION_FORMAT = "dwarf-with-dsym";
				ENABLE_NS_ASSERTIONS = NO;
				ENABLE_STRICT_OBJC_MSGSEND = YES;
				GCC_C_LANGUAGE_STANDARD = gnu99;
				GCC_NO_COMMON_BLOCKS = YES;
				GCC_WARN_64_TO_32_BIT_CONVERSION = YES;
				GCC_WARN_ABOUT_RETURN_TYPE = YES_ERROR;
				GCC_WARN_UNDECLARED_SELECTOR = YES;
				GCC_WARN_UNINITIALIZED_AUTOS = YES_AGGRESSIVE;
				GCC_WARN_UNUSED_FUNCTION = YES;
				GCC_WARN_UNUSED_VARIABLE = YES;
				IPHONEOS_DEPLOYMENT_TARGET = 10.3;
				MTL_ENABLE_DEBUG_INFO = NO;
				SDKROOT = iphoneos;
				SWIFT_OPTIMIZATION_LEVEL = "-Owholemodule";
				TARGETED_DEVICE_FAMILY = "1,2";
				VALIDATE_PRODUCT = YES;
			};
			name = Release;
		};
		1885FD051EEB2B22009F6579 /* Debug */ = {
			isa = XCBuildConfiguration;
			baseConfigurationReference = 83EA4E7B4AD334C17BA6280B /* Pods-iOSObjectiveCXXSwift.debug.xcconfig */;
			buildSettings = {
				ASSETCATALOG_COMPILER_APPICON_NAME = AppIcon;
				CLANG_ENABLE_MODULES = YES;
				DEVELOPMENT_TEAM = SHWNS4KX37;
				INFOPLIST_FILE = iOSObjectiveCXXSwift/Info.plist;
				LD_RUNPATH_SEARCH_PATHS = "$(inherited) @executable_path/Frameworks";
				PRODUCT_BUNDLE_IDENTIFIER = com.steph.iOSObjectiveCXXSwift;
				PRODUCT_NAME = "$(TARGET_NAME)";
				SWIFT_OBJC_BRIDGING_HEADER = "iOSObjectiveCXXSwift-Bridging-Header.h";
				SWIFT_OPTIMIZATION_LEVEL = "-Onone";
				SWIFT_VERSION = 3.0;
			};
			name = Debug;
		};
		1885FD061EEB2B22009F6579 /* Release */ = {
			isa = XCBuildConfiguration;
			baseConfigurationReference = E0A171032EDF60BEC43BAE43 /* Pods-iOSObjectiveCXXSwift.release.xcconfig */;
			buildSettings = {
				ASSETCATALOG_COMPILER_APPICON_NAME = AppIcon;
				CLANG_ENABLE_MODULES = YES;
				DEVELOPMENT_TEAM = SHWNS4KX37;
				INFOPLIST_FILE = iOSObjectiveCXXSwift/Info.plist;
				LD_RUNPATH_SEARCH_PATHS = "$(inherited) @executable_path/Frameworks";
				PRODUCT_BUNDLE_IDENTIFIER = com.steph.iOSObjectiveCXXSwift;
				PRODUCT_NAME = "$(TARGET_NAME)";
				SWIFT_OBJC_BRIDGING_HEADER = "iOSObjectiveCXXSwift-Bridging-Header.h";
				SWIFT_VERSION = 3.0;
			};
			name = Release;
		};
/* End XCBuildConfiguration section */

/* Begin XCConfigurationList section */
		1885FCE71EEB2B22009F6579 /* Build configuration list for PBXProject "iOSObjectiveCXXSwift" */ = {
			isa = XCConfigurationList;
			buildConfigurations = (
				1885FD021EEB2B22009F6579 /* Debug */,
				1885FD031EEB2B22009F6579 /* Release */,
			);
			defaultConfigurationIsVisible = 0;
			defaultConfigurationName = Release;
		};
		1885FD041EEB2B22009F6579 /* Build configuration list for PBXNativeTarget "iOSObjectiveCXXSwift" */ = {
			isa = XCConfigurationList;
			buildConfigurations = (
				1885FD051EEB2B22009F6579 /* Debug */,
				1885FD061EEB2B22009F6579 /* Release */,
			);
			defaultConfigurationIsVisible = 0;
			defaultConfigurationName = Release;
		};
/* End XCConfigurationList section */
	};
	rootObject = 1885FCE41EEB2B22009F6579 /* Project object */;
}
